{
  "originHash" : "b50a212a5fc541f7062d099b804ba278f9229862e34a0719645a7fcbdda60026",
  "pins" : [
    {
      "identity" : "zipfoundation",
      "kind" : "remoteSourceControl",
      "location" : "https://github.com/weichsel/ZipFoundation",
      "state" : {
        "revision" : "22787ffb59de99e5dc1fbfe80b19c97a904ad48d",
        "version" : "0.9.20"
      }
    }
  ],
  "version" : 3
}
